
Microsoft Visual Studio Solution File, Format Version 12.00
# Visual Studio Version 17
VisualStudioVersion = 17.10.35013.160
MinimumVisualStudioVersion = 10.0.40219.1
Project("{FAE04EC0-301F-11D3-BF4B-00C04F79EFBC}") = "nissAIR Uygulaması", "nissAIR Uygulaması\nissAIR Uygulaması.csproj", "{A97DB896-19A6-4023-B4AB-66AD6D5D7DA7}"
EndProject
Global
	GlobalSection(SolutionConfigurationPlatforms) = preSolution
		Debug|Any CPU = Debug|Any CPU
		Release|Any CPU = Release|Any CPU
	EndGlobalSection
	GlobalSection(ProjectConfigurationPlatforms) = postSolution
		{A97DB896-19A6-4023-B4AB-66AD6D5D7DA7}.Debug|Any CPU.ActiveCfg = Debug|Any CPU
		{A97DB896-19A6-4023-B4AB-66AD6D5D7DA7}.Debug|Any CPU.Build.0 = Debug|Any CPU
		{A97DB896-19A6-4023-B4AB-66AD6D5D7DA7}.Release|Any CPU.ActiveCfg = Release|Any CPU
		{A97DB896-19A6-4023-B4AB-66AD6D5D7DA7}.Release|Any CPU.Build.0 = Release|Any CPU
	EndGlobalSection
	GlobalSection(SolutionProperties) = preSolution
		HideSolutionNode = FALSE
	EndGlobalSection
	GlobalSection(ExtensibilityGlobals) = postSolution
		SolutionGuid = {164BA55F-0E31-4B7E-9F3F-107768884258}
	EndGlobalSection
EndGlobal
